// !$*UTF8*$!
{
	archiveVersion = 1;
	classes = {
	};
	objectVersion = 55;
	objects = {

/* Begin PBXBuildFile section */
		7342E65E2885B4DA00513948 /* UILabel+Ext.swift in Sources */ = {isa = PBXBuildFile; fileRef = 7342E65D2885B4DA00513948 /* UILabel+Ext.swift */; };
		9616E9EA2889CD6E00A65387 /* SpinnerViewController.swift in Sources */ = {isa = PBXBuildFile; fileRef = 9616E9E92889CD6E00A65387 /* SpinnerViewController.swift */; };
		96FC9EE72880309C00FECC10 /* AppDelegate.swift in Sources */ = {isa = PBXBuildFile; fileRef = 96FC9EE62880309C00FECC10 /* AppDelegate.swift */; };
		96FC9EEB2880309C00FECC10 /* MainViewController.swift in Sources */ = {isa = PBXBuildFile; fileRef = 96FC9EEA2880309C00FECC10 /* MainViewController.swift */; };
		96FC9EF0288030A100FECC10 /* Assets.xcassets in Resources */ = {isa = PBXBuildFile; fileRef = 96FC9EEF288030A100FECC10 /* Assets.xcassets */; };
		96FC9EF3288030A100FECC10 /* LaunchScreen.storyboard in Resources */ = {isa = PBXBuildFile; fileRef = 96FC9EF1288030A100FECC10 /* LaunchScreen.storyboard */; };
		96FC9EFB2880347F00FECC10 /* PostCell.swift in Sources */ = {isa = PBXBuildFile; fileRef = 96FC9EFA2880347F00FECC10 /* PostCell.swift */; };
		96FC9F042881930300FECC10 /* DetailPostVC.swift in Sources */ = {isa = PBXBuildFile; fileRef = 96FC9F032881930300FECC10 /* DetailPostVC.swift */; };
		96FC9F0628819D1E00FECC10 /* Models.swift in Sources */ = {isa = PBXBuildFile; fileRef = 96FC9F0528819D1E00FECC10 /* Models.swift */; };
		96FD6E6F288426220085DAAE /* Double+Ext.swift in Sources */ = {isa = PBXBuildFile; fileRef = 96FD6E6E288426220085DAAE /* Double+Ext.swift */; };
		96FD6E7128842FC20085DAAE /* NTabBarController.swift in Sources */ = {isa = PBXBuildFile; fileRef = 96FD6E7028842FC20085DAAE /* NTabBarController.swift */; };
/* End PBXBuildFile section */

/* Begin PBXFileReference section */
		7342E65D2885B4DA00513948 /* UILabel+Ext.swift */ = {isa = PBXFileReference; lastKnownFileType = sourcecode.swift; path = "UILabel+Ext.swift"; sourceTree = "<group>"; };
		9616E9E92889CD6E00A65387 /* SpinnerViewController.swift */ = {isa = PBXFileReference; lastKnownFileType = sourcecode.swift; path = SpinnerViewController.swift; sourceTree = "<group>"; };
		96FC9EE32880309C00FECC10 /* NatifeProject.app */ = {isa = PBXFileReference; explicitFileType = wrapper.application; includeInIndex = 0; path = NatifeProject.app; sourceTree = BUILT_PRODUCTS_DIR; };
		96FC9EE62880309C00FECC10 /* AppDelegate.swift */ = {isa = PBXFileReference; lastKnownFileType = sourcecode.swift; path = AppDelegate.swift; sourceTree = "<group>"; };
		96FC9EEA2880309C00FECC10 /* MainViewController.swift */ = {isa = PBXFileReference; lastKnownFileType = sourcecode.swift; path = MainViewController.swift; sourceTree = "<group>"; };
		96FC9EEF288030A100FECC10 /* Assets.xcassets */ = {isa = PBXFileReference; lastKnownFileType = folder.assetcatalog; path = Assets.xcassets; sourceTree = "<group>"; };
		96FC9EF2288030A100FECC10 /* Base */ = {isa = PBXFileReference; lastKnownFileType = file.storyboard; name = Base; path = Base.lproj/LaunchScreen.storyboard; sourceTree = "<group>"; };
		96FC9EF4288030A100FECC10 /* Info.plist */ = {isa = PBXFileReference; lastKnownFileType = text.plist.xml; path = Info.plist; sourceTree = "<group>"; };
		96FC9EFA2880347F00FECC10 /* PostCell.swift */ = {isa = PBXFileReference; lastKnownFileType = sourcecode.swift; path = PostCell.swift; sourceTree = "<group>"; };
		96FC9F032881930300FECC10 /* DetailPostVC.swift */ = {isa = PBXFileReference; lastKnownFileType = sourcecode.swift; path = DetailPostVC.swift; sourceTree = "<group>"; };
		96FC9F0528819D1E00FECC10 /* Models.swift */ = {isa = PBXFileReference; lastKnownFileType = sourcecode.swift; path = Models.swift; sourceTree = "<group>"; };
		96FD6E6E288426220085DAAE /* Double+Ext.swift */ = {isa = PBXFileReference; lastKnownFileType = sourcecode.swift; path = "Double+Ext.swift"; sourceTree = "<group>"; };
		96FD6E7028842FC20085DAAE /* NTabBarController.swift */ = {isa = PBXFileReference; lastKnownFileType = sourcecode.swift; path = NTabBarController.swift; sourceTree = "<group>"; };
/* End PBXFileReference section */

/* Begin PBXFrameworksBuildPhase section */
		96FC9EE02880309B00FECC10 /* Frameworks */ = {
			isa = PBXFrameworksBuildPhase;
			buildActionMask = 2147483647;
			files = (
			);
			runOnlyForDeploymentPostprocessing = 0;
		};
/* End PBXFrameworksBuildPhase section */

/* Begin PBXGroup section */
		9647BF7E288699E9008C911D /* Custom Views */ = {
			isa = PBXGroup;
			children = (
				9647BF8028869A09008C911D /* Cells */,
				9647BF7F288699F9008C911D /* TabBarControllers */,
				9616E9E92889CD6E00A65387 /* SpinnerViewController.swift */,
			);
			path = "Custom Views";
			sourceTree = "<group>";
		};
		9647BF7F288699F9008C911D /* TabBarControllers */ = {
			isa = PBXGroup;
			children = (
				96FD6E7028842FC20085DAAE /* NTabBarController.swift */,
			);
			path = TabBarControllers;
			sourceTree = "<group>";
		};
		9647BF8028869A09008C911D /* Cells */ = {
			isa = PBXGroup;
			children = (
				96FC9EFA2880347F00FECC10 /* PostCell.swift */,
			);
			path = Cells;
			sourceTree = "<group>";
		};
		9647BF8228869A28008C911D /* Screens */ = {
			isa = PBXGroup;
			children = (
				96FC9EEA2880309C00FECC10 /* MainViewController.swift */,
				96FC9F032881930300FECC10 /* DetailPostVC.swift */,
			);
			path = Screens;
			sourceTree = "<group>";
		};
		9647BF8328869A31008C911D /* Models */ = {
			isa = PBXGroup;
			children = (
				96FC9F0528819D1E00FECC10 /* Models.swift */,
			);
			path = Models;
			sourceTree = "<group>";
		};
		96FC9EDA2880309B00FECC10 = {
			isa = PBXGroup;
			children = (
				96FC9EE52880309C00FECC10 /* NatifeProject */,
				96FC9EE42880309C00FECC10 /* Products */,
			);
			sourceTree = "<group>";
		};
		96FC9EE42880309C00FECC10 /* Products */ = {
			isa = PBXGroup;
			children = (
				96FC9EE32880309C00FECC10 /* NatifeProject.app */,
			);
			name = Products;
			sourceTree = "<group>";
		};
		96FC9EE52880309C00FECC10 /* NatifeProject */ = {
			isa = PBXGroup;
			children = (
				9647BF8328869A31008C911D /* Models */,
				9647BF8228869A28008C911D /* Screens */,
				9647BF7E288699E9008C911D /* Custom Views */,
				96FD6E6D2884260E0085DAAE /* Extensions */,
				96FC9EE62880309C00FECC10 /* AppDelegate.swift */,
				96FC9EEF288030A100FECC10 /* Assets.xcassets */,
				96FC9EF1288030A100FECC10 /* LaunchScreen.storyboard */,
				96FC9EF4288030A100FECC10 /* Info.plist */,
			);
			path = NatifeProject;
			sourceTree = "<group>";
		};
		96FD6E6D2884260E0085DAAE /* Extensions */ = {
			isa = PBXGroup;
			children = (
				96FD6E6E288426220085DAAE /* Double+Ext.swift */,
				7342E65D2885B4DA00513948 /* UILabel+Ext.swift */,
			);
			path = Extensions;
			sourceTree = "<group>";
		};
/* End PBXGroup section */

/* Begin PBXNativeTarget section */
		96FC9EE22880309B00FECC10 /* NatifeProject */ = {
			isa = PBXNativeTarget;
			buildConfigurationList = 96FC9EF7288030A100FECC10 /* Build configuration list for PBXNativeTarget "NatifeProject" */;
			buildPhases = (
				96FC9EDF2880309B00FECC10 /* Sources */,
				96FC9EE02880309B00FECC10 /* Frameworks */,
				96FC9EE12880309B00FECC10 /* Resources */,
			);
			buildRules = (
			);
			dependencies = (
			);
			name = NatifeProject;
			productName = NatifeProject;
			productReference = 96FC9EE32880309C00FECC10 /* NatifeProject.app */;
			productType = "com.apple.product-type.application";
		};
/* End PBXNativeTarget section */

/* Begin PBXProject section */
		96FC9EDB2880309B00FECC10 /* Project object */ = {
			isa = PBXProject;
			attributes = {
				BuildIndependentTargetsInParallel = 1;
				LastSwiftUpdateCheck = 1330;
				LastUpgradeCheck = 1330;
				TargetAttributes = {
					96FC9EE22880309B00FECC10 = {
						CreatedOnToolsVersion = 13.3;
					};
				};
			};
			buildConfigurationList = 96FC9EDE2880309B00FECC10 /* Build configuration list for PBXProject "NatifeProject" */;
			compatibilityVersion = "Xcode 13.0";
			developmentRegion = en;
			hasScannedForEncodings = 0;
			knownRegions = (
				en,
				Base,
			);
			mainGroup = 96FC9EDA2880309B00FECC10;
			productRefGroup = 96FC9EE42880309C00FECC10 /* Products */;
			projectDirPath = "";
			projectRoot = "";
			targets = (
				96FC9EE22880309B00FECC10 /* NatifeProject */,
			);
		};
/* End PBXProject section */

/* Begin PBXResourcesBuildPhase section */
		96FC9EE12880309B00FECC10 /* Resources */ = {
			isa = PBXResourcesBuildPhase;
			buildActionMask = 2147483647;
			files = (
				96FC9EF3288030A100FECC10 /* LaunchScreen.storyboard in Resources */,
				96FC9EF0288030A100FECC10 /* Assets.xcassets in Resources */,
			);
			runOnlyForDeploymentPostprocessing = 0;
		};
/* End PBXResourcesBuildPhase section */

/* Begin PBXSourcesBuildPhase section */
		96FC9EDF2880309B00FECC10 /* Sources */ = {
			isa = PBXSourcesBuildPhase;
			buildActionMask = 2147483647;
			files = (
				96FD6E7128842FC20085DAAE /* NTabBarController.swift in Sources */,
				7342E65E2885B4DA00513948 /* UILabel+Ext.swift in Sources */,
				96FC9F042881930300FECC10 /* DetailPostVC.swift in Sources */,
				96FC9EEB2880309C00FECC10 /* MainViewController.swift in Sources */,
				96FC9EE72880309C00FECC10 /* AppDelegate.swift in Sources */,
				96FC9EFB2880347F00FECC10 /* PostCell.swift in Sources */,
				96FD6E6F288426220085DAAE /* Double+Ext.swift in Sources */,
				9616E9EA2889CD6E00A65387 /* SpinnerViewController.swift in Sources */,
				96FC9F0628819D1E00FECC10 /* Models.swift in Sources */,
			);
			runOnlyForDeploymentPostprocessing = 0;
		};
/* End PBXSourcesBuildPhase section */

/* Begin PBXVariantGroup section */
		96FC9EF1288030A100FECC10 /* LaunchScreen.storyboard */ = {
			isa = PBXVariantGroup;
			children = (
				96FC9EF2288030A100FECC10 /* Base */,
			);
			name = LaunchScreen.storyboard;
			sourceTree = "<group>";
		};
/* End PBXVariantGroup section */

/* Begin XCBuildConfiguration section */
		96FC9EF5288030A100FECC10 /* Debug */ = {
			isa = XCBuildConfiguration;
			buildSettings = {
				ALWAYS_SEARCH_USER_PATHS = NO;
				CLANG_ANALYZER_NONNULL = YES;
				CLANG_ANALYZER_NUMBER_OBJECT_CONVERSION = YES_AGGRESSIVE;
				CLANG_CXX_LANGUAGE_STANDARD = "gnu++17";
				CLANG_ENABLE_MODULES = YES;
				CLANG_ENABLE_OBJC_ARC = YES;
				CLANG_ENABLE_OBJC_WEAK = YES;
				CLANG_WARN_BLOCK_CAPTURE_AUTORELEASING = YES;
				CLANG_WARN_BOOL_CONVERSION = YES;
				CLANG_WARN_COMMA = YES;
				CLANG_WARN_CONSTANT_CONVERSION = YES;
				CLANG_WARN_DEPRECATED_OBJC_IMPLEMENTATIONS = YES;
				CLANG_WARN_DIRECT_OBJC_ISA_USAGE = YES_ERROR;
				CLANG_WARN_DOCUMENTATION_COMMENTS = YES;
				CLANG_WARN_EMPTY_BODY = YES;
				CLANG_WARN_ENUM_CONVERSION = YES;
				CLANG_WARN_INFINITE_RECURSION = YES;
				CLANG_WARN_INT_CONVERSION = YES;
				CLANG_WARN_NON_LITERAL_NULL_CONVERSION = YES;
				CLANG_WARN_OBJC_IMPLICIT_RETAIN_SELF = YES;
				CLANG_WARN_OBJC_LITERAL_CONVERSION = YES;
				CLANG_WARN_OBJC_ROOT_CLASS = YES_ERROR;
				CLANG_WARN_QUOTED_INCLUDE_IN_FRAMEWORK_HEADER = YES;
				CLANG_WARN_RANGE_LOOP_ANALYSIS = YES;
				CLANG_WARN_STRICT_PROTOTYPES = YES;
				CLANG_WARN_SUSPICIOUS_MOVE = YES;
				CLANG_WARN_UNGUARDED_AVAILABILITY = YES_AGGRESSIVE;
				CLANG_WARN_UNREACHABLE_CODE = YES;
				CLANG_WARN__DUPLICATE_METHOD_MATCH = YES;
				COPY_PHASE_STRIP = NO;
				DEBUG_INFORMATION_FORMAT = dwarf;
				ENABLE_STRICT_OBJC_MSGSEND = YES;
				ENABLE_TESTABILITY = YES;
				GCC_C_LANGUAGE_STANDARD = gnu11;
				GCC_DYNAMIC_NO_PIC = NO;
				GCC_NO_COMMON_BLOCKS = YES;
				GCC_OPTIMIZATION_LEVEL = 0;
				GCC_PREPROCESSOR_DEFINITIONS = (
					"DEBUG=1",
					"$(inherited)",
				);
				GCC_WARN_64_TO_32_BIT_CONVERSION = YES;
				GCC_WARN_ABOUT_RETURN_TYPE = YES_ERROR;
				GCC_WARN_UNDECLARED_SELECTOR = YES;
				GCC_WARN_UNINITIALIZED_AUTOS = YES_AGGRESSIVE;
				GCC_WARN_UNUSED_FUNCTION = YES;
				GCC_WARN_UNUSED_VARIABLE = YES;
				IPHONEOS_DEPLOYMENT_TARGET = 15.4;
				MTL_ENABLE_DEBUG_INFO = INCLUDE_SOURCE;
				MTL_FAST_MATH = YES;
				ONLY_ACTIVE_ARCH = YES;
				SDKROOT = iphoneos;
				SWIFT_ACTIVE_COMPILATION_CONDITIONS = DEBUG;
				SWIFT_OPTIMIZATION_LEVEL = "-Onone";
			};
			name = Debug;
		};
		96FC9EF6288030A100FECC10 /* Release */ = {
			isa = XCBuildConfiguration;
			buildSettings = {
				ALWAYS_SEARCH_USER_PATHS = NO;
				CLANG_ANALYZER_NONNULL = YES;
				CLANG_ANALYZER_NUMBER_OBJECT_CONVERSION = YES_AGGRESSIVE;
				CLANG_CXX_LANGUAGE_STANDARD = "gnu++17";
				CLANG_ENABLE_MODULES = YES;
				CLANG_ENABLE_OBJC_ARC = YES;
				CLANG_ENABLE_OBJC_WEAK = YES;
				CLANG_WARN_BLOCK_CAPTURE_AUTORELEASING = YES;
				CLANG_WARN_BOOL_CONVERSION = YES;
				CLANG_WARN_COMMA = YES;
				CLANG_WARN_CONSTANT_CONVERSION = YES;
				CLANG_WARN_DEPRECATED_OBJC_IMPLEMENTATIONS = YES;
				CLANG_WARN_DIRECT_OBJC_ISA_USAGE = YES_ERROR;
				CLANG_WARN_DOCUMENTATION_COMMENTS = YES;
				CLANG_WARN_EMPTY_BODY = YES;
				CLANG_WARN_ENUM_CONVERSION = YES;
				CLANG_WARN_INFINITE_RECURSION = YES;
				CLANG_WARN_INT_CONVERSION = YES;
				CLANG_WARN_NON_LITERAL_NULL_CONVERSION = YES;
				CLANG_WARN_OBJC_IMPLICIT_RETAIN_SELF = YES;
				CLANG_WARN_OBJC_LITERAL_CONVERSION = YES;
				CLANG_WARN_OBJC_ROOT_CLASS = YES_ERROR;
				CLANG_WARN_QUOTED_INCLUDE_IN_FRAMEWORK_HEADER = YES;
				CLANG_WARN_RANGE_LOOP_ANALYSIS = YES;
				CLANG_WARN_STRICT_PROTOTYPES = YES;
				CLANG_WARN_SUSPICIOUS_MOVE = YES;
				CLANG_WARN_UNGUARDED_AVAILABILITY = YES_AGGRESSIVE;
				CLANG_WARN_UNREACHABLE_CODE = YES;
				CLANG_WARN__DUPLICATE_METHOD_MATCH = YES;
				COPY_PHASE_STRIP = NO;
				DEBUG_INFORMATION_FORMAT = "dwarf-with-dsym";
				ENABLE_NS_ASSERTIONS = NO;
				ENABLE_STRICT_OBJC_MSGSEND = YES;
				GCC_C_LANGUAGE_STANDARD = gnu11;
				GCC_NO_COMMON_BLOCKS = YES;
				GCC_WARN_64_TO_32_BIT_CONVERSION = YES;
				GCC_WARN_ABOUT_RETURN_TYPE = YES_ERROR;
				GCC_WARN_UNDECLARED_SELECTOR = YES;
				GCC_WARN_UNINITIALIZED_AUTOS = YES_AGGRESSIVE;
				GCC_WARN_UNUSED_FUNCTION = YES;
				GCC_WARN_UNUSED_VARIABLE = YES;
				IPHONEOS_DEPLOYMENT_TARGET = 15.4;
				MTL_ENABLE_DEBUG_INFO = NO;
				MTL_FAST_MATH = YES;
				SDKROOT = iphoneos;
				SWIFT_COMPILATION_MODE = wholemodule;
				SWIFT_OPTIMIZATION_LEVEL = "-O";
				VALIDATE_PRODUCT = YES;
			};
			name = Release;
		};
		96FC9EF8288030A100FECC10 /* Debug */ = {
			isa = XCBuildConfiguration;
			buildSettings = {
				ASSETCATALOG_COMPILER_APPICON_NAME = AppIcon;
				ASSETCATALOG_COMPILER_GLOBAL_ACCENT_COLOR_NAME = AccentColor;
				CODE_SIGN_STYLE = Automatic;
				CURRENT_PROJECT_VERSION = 1;
				GENERATE_INFOPLIST_FILE = YES;
				INFOPLIST_FILE = NatifeProject/Info.plist;
				INFOPLIST_KEY_UIApplicationSupportsIndirectInputEvents = YES;
				INFOPLIST_KEY_UILaunchStoryboardName = LaunchScreen;
				INFOPLIST_KEY_UISupportedInterfaceOrientations_iPad = "UIInterfaceOrientationPortrait UIInterfaceOrientationPortraitUpsideDown UIInterfaceOrientationLandscapeLeft UIInterfaceOrientationLandscapeRight";
				INFOPLIST_KEY_UISupportedInterfaceOrientations_iPhone = "UIInterfaceOrientationPortrait UIInterfaceOrientationLandscapeLeft UIInterfaceOrientationLandscapeRight";
				LD_RUNPATH_SEARCH_PATHS = (
					"$(inherited)",
					"@executable_path/Frameworks",
				);
				MARKETING_VERSION = 1.0;
				PRODUCT_BUNDLE_IDENTIFIER = project.NatifeProject;
				PRODUCT_NAME = "$(TARGET_NAME)";
				SWIFT_EMIT_LOC_STRINGS = YES;
				SWIFT_VERSION = 5.0;
				TARGETED_DEVICE_FAMILY = 1;
			};
			name = Debug;
		};
		96FC9EF9288030A100FECC10 /* Release */ = {
			isa = XCBuildConfiguration;
			buildSettings = {
				ASSETCATALOG_COMPILER_APPICON_NAME = AppIcon;
				ASSETCATALOG_COMPILER_GLOBAL_ACCENT_COLOR_NAME = AccentColor;
				CODE_SIGN_STYLE = Automatic;
				CURRENT_PROJECT_VERSION = 1;
				GENERATE_INFOPLIST_FILE = YES;
				INFOPLIST_FILE = NatifeProject/Info.plist;
				INFOPLIST_KEY_UIApplicationSupportsIndirectInputEvents = YES;
				INFOPLIST_KEY_UILaunchStoryboardName = LaunchScreen;
				INFOPLIST_KEY_UISupportedInterfaceOrientations_iPad = "UIInterfaceOrientationPortrait UIInterfaceOrientationPortraitUpsideDown UIInterfaceOrientationLandscapeLeft UIInterfaceOrientationLandscapeRight";
				INFOPLIST_KEY_UISupportedInterfaceOrientations_iPhone = "UIInterfaceOrientationPortrait UIInterfaceOrientationLandscapeLeft UIInterfaceOrientationLandscapeRight";
				LD_RUNPATH_SEARCH_PATHS = (
					"$(inherited)",
					"@executable_path/Frameworks",
				);
				MARKETING_VERSION = 1.0;
				PRODUCT_BUNDLE_IDENTIFIER = project.NatifeProject;
				PRODUCT_NAME = "$(TARGET_NAME)";
				SWIFT_EMIT_LOC_STRINGS = YES;
				SWIFT_VERSION = 5.0;
				TARGETED_DEVICE_FAMILY = 1;
			};
			name = Release;
		};
/* End XCBuildConfiguration section */

/* Begin XCConfigurationList section */
		96FC9EDE2880309B00FECC10 /* Build configuration list for PBXProject "NatifeProject" */ = {
			isa = XCConfigurationList;
			buildConfigurations = (
				96FC9EF5288030A100FECC10 /* Debug */,
				96FC9EF6288030A100FECC10 /* Release */,
			);
			defaultConfigurationIsVisible = 0;
			defaultConfigurationName = Release;
		};
		96FC9EF7288030A100FECC10 /* Build configuration list for PBXNativeTarget "NatifeProject" */ = {
			isa = XCConfigurationList;
			buildConfigurations = (
				96FC9EF8288030A100FECC10 /* Debug */,
				96FC9EF9288030A100FECC10 /* Release */,
			);
			defaultConfigurationIsVisible = 0;
			defaultConfigurationName = Release;
		};
/* End XCConfigurationList section */
	};
	rootObject = 96FC9EDB2880309B00FECC10 /* Project object */;
}
